// !$*UTF8*$!
{
	archiveVersion = 1;
	classes = {
	};
	objectVersion = 56;
	objects = {

/* Begin PBXBuildFile section */
		B8CFAF522A18DD7400C92CC1 /* AppDelegate.swift in Sources */ = {isa = PBXBuildFile; fileRef = B8CFAF512A18DD7400C92CC1 /* AppDelegate.swift */; };
		B8CFAF542A18DD7400C92CC1 /* SceneDelegate.swift in Sources */ = {isa = PBXBuildFile; fileRef = B8CFAF532A18DD7400C92CC1 /* SceneDelegate.swift */; };
		B8CFAF562A18DD7400C92CC1 /* ViewController.swift in Sources */ = {isa = PBXBuildFile; fileRef = B8CFAF552A18DD7400C92CC1 /* ViewController.swift */; };
		B8CFAF592A18DD7400C92CC1 /* Main.storyboard in Resources */ = {isa = PBXBuildFile; fileRef = B8CFAF572A18DD7400C92CC1 /* Main.storyboard */; };
		B8CFAF5B2A18DD7600C92CC1 /* Assets.xcassets in Resources */ = {isa = PBXBuildFile; fileRef = B8CFAF5A2A18DD7600C92CC1 /* Assets.xcassets */; };
		B8CFAF5E2A18DD7600C92CC1 /* LaunchScreen.storyboard in Resources */ = {isa = PBXBuildFile; fileRef = B8CFAF5C2A18DD7600C92CC1 /* LaunchScreen.storyboard */; };
		B8CFAF692A18DD7600C92CC1 /* P4_InstaGridTests.swift in Sources */ = {isa = PBXBuildFile; fileRef = B8CFAF682A18DD7600C92CC1 /* P4_InstaGridTests.swift */; };
		B8CFAF732A18DD7600C92CC1 /* P4_InstaGridUITests.swift in Sources */ = {isa = PBXBuildFile; fileRef = B8CFAF722A18DD7600C92CC1 /* P4_InstaGridUITests.swift */; };
		B8CFAF752A18DD7600C92CC1 /* P4_InstaGridUITestsLaunchTests.swift in Sources */ = {isa = PBXBuildFile; fileRef = B8CFAF742A18DD7600C92CC1 /* P4_InstaGridUITestsLaunchTests.swift */; };
		B8CFAF822A18DFFC00C92CC1 /* Delm-Medium.otf in Resources */ = {isa = PBXBuildFile; fileRef = B8CFAF812A18DFFC00C92CC1 /* Delm-Medium.otf */; };
		B8CFAF842A18E0C900C92CC1 /* ThirstySoftRegular.otf in Resources */ = {isa = PBXBuildFile; fileRef = B8CFAF832A18E0C900C92CC1 /* ThirstySoftRegular.otf */; };
/* End PBXBuildFile section */

/* Begin PBXContainerItemProxy section */
		B8CFAF652A18DD7600C92CC1 /* PBXContainerItemProxy */ = {
			isa = PBXContainerItemProxy;
			containerPortal = B8CFAF462A18DD7400C92CC1 /* Project object */;
			proxyType = 1;
			remoteGlobalIDString = B8CFAF4D2A18DD7400C92CC1;
			remoteInfo = "P4-InstaGrid";
		};
		B8CFAF6F2A18DD7600C92CC1 /* PBXContainerItemProxy */ = {
			isa = PBXContainerItemProxy;
			containerPortal = B8CFAF462A18DD7400C92CC1 /* Project object */;
			proxyType = 1;
			remoteGlobalIDString = B8CFAF4D2A18DD7400C92CC1;
			remoteInfo = "P4-InstaGrid";
		};
/* End PBXContainerItemProxy section */

/* Begin PBXFileReference section */
		B8CFAF4E2A18DD7400C92CC1 /* P4-InstaGrid.app */ = {isa = PBXFileReference; explicitFileType = wrapper.application; includeInIndex = 0; path = "P4-InstaGrid.app"; sourceTree = BUILT_PRODUCTS_DIR; };
		B8CFAF512A18DD7400C92CC1 /* AppDelegate.swift */ = {isa = PBXFileReference; lastKnownFileType = sourcecode.swift; path = AppDelegate.swift; sourceTree = "<group>"; };
		B8CFAF532A18DD7400C92CC1 /* SceneDelegate.swift */ = {isa = PBXFileReference; lastKnownFileType = sourcecode.swift; path = SceneDelegate.swift; sourceTree = "<group>"; };
		B8CFAF552A18DD7400C92CC1 /* ViewController.swift */ = {isa = PBXFileReference; lastKnownFileType = sourcecode.swift; path = ViewController.swift; sourceTree = "<group>"; };
		B8CFAF582A18DD7400C92CC1 /* Base */ = {isa = PBXFileReference; lastKnownFileType = file.storyboard; name = Base; path = Base.lproj/Main.storyboard; sourceTree = "<group>"; };
		B8CFAF5A2A18DD7600C92CC1 /* Assets.xcassets */ = {isa = PBXFileReference; lastKnownFileType = folder.assetcatalog; path = Assets.xcassets; sourceTree = "<group>"; };
		B8CFAF5D2A18DD7600C92CC1 /* Base */ = {isa = PBXFileReference; lastKnownFileType = file.storyboard; name = Base; path = Base.lproj/LaunchScreen.storyboard; sourceTree = "<group>"; };
		B8CFAF5F2A18DD7600C92CC1 /* Info.plist */ = {isa = PBXFileReference; lastKnownFileType = text.plist.xml; path = Info.plist; sourceTree = "<group>"; };
		B8CFAF642A18DD7600C92CC1 /* P4-InstaGridTests.xctest */ = {isa = PBXFileReference; explicitFileType = wrapper.cfbundle; includeInIndex = 0; path = "P4-InstaGridTests.xctest"; sourceTree = BUILT_PRODUCTS_DIR; };
		B8CFAF682A18DD7600C92CC1 /* P4_InstaGridTests.swift */ = {isa = PBXFileReference; lastKnownFileType = sourcecode.swift; path = P4_InstaGridTests.swift; sourceTree = "<group>"; };
		B8CFAF6E2A18DD7600C92CC1 /* P4-InstaGridUITests.xctest */ = {isa = PBXFileReference; explicitFileType = wrapper.cfbundle; includeInIndex = 0; path = "P4-InstaGridUITests.xctest"; sourceTree = BUILT_PRODUCTS_DIR; };
		B8CFAF722A18DD7600C92CC1 /* P4_InstaGridUITests.swift */ = {isa = PBXFileReference; lastKnownFileType = sourcecode.swift; path = P4_InstaGridUITests.swift; sourceTree = "<group>"; };
		B8CFAF742A18DD7600C92CC1 /* P4_InstaGridUITestsLaunchTests.swift */ = {isa = PBXFileReference; lastKnownFileType = sourcecode.swift; path = P4_InstaGridUITestsLaunchTests.swift; sourceTree = "<group>"; };
		B8CFAF812A18DFFC00C92CC1 /* Delm-Medium.otf */ = {isa = PBXFileReference; lastKnownFileType = file; path = "Delm-Medium.otf"; sourceTree = "<group>"; };
		B8CFAF832A18E0C900C92CC1 /* ThirstySoftRegular.otf */ = {isa = PBXFileReference; lastKnownFileType = file; path = ThirstySoftRegular.otf; sourceTree = "<group>"; };
/* End PBXFileReference section */

/* Begin PBXFrameworksBuildPhase section */
		B8CFAF4B2A18DD7400C92CC1 /* Frameworks */ = {
			isa = PBXFrameworksBuildPhase;
			buildActionMask = 2147483647;
			files = (
			);
			runOnlyForDeploymentPostprocessing = 0;
		};
		B8CFAF612A18DD7600C92CC1 /* Frameworks */ = {
			isa = PBXFrameworksBuildPhase;
			buildActionMask = 2147483647;
			files = (
			);
			runOnlyForDeploymentPostprocessing = 0;
		};
		B8CFAF6B2A18DD7600C92CC1 /* Frameworks */ = {
			isa = PBXFrameworksBuildPhase;
			buildActionMask = 2147483647;
			files = (
			);
			runOnlyForDeploymentPostprocessing = 0;
		};
/* End PBXFrameworksBuildPhase section */

/* Begin PBXGroup section */
		B8CFAF452A18DD7400C92CC1 = {
			isa = PBXGroup;
			children = (
				B8CFAF502A18DD7400C92CC1 /* P4-InstaGrid */,
				B8CFAF672A18DD7600C92CC1 /* P4-InstaGridTests */,
				B8CFAF712A18DD7600C92CC1 /* P4-InstaGridUITests */,
				B8CFAF4F2A18DD7400C92CC1 /* Products */,
			);
			sourceTree = "<group>";
		};
		B8CFAF4F2A18DD7400C92CC1 /* Products */ = {
			isa = PBXGroup;
			children = (
				B8CFAF4E2A18DD7400C92CC1 /* P4-InstaGrid.app */,
				B8CFAF642A18DD7600C92CC1 /* P4-InstaGridTests.xctest */,
				B8CFAF6E2A18DD7600C92CC1 /* P4-InstaGridUITests.xctest */,
			);
			name = Products;
			sourceTree = "<group>";
		};
		B8CFAF502A18DD7400C92CC1 /* P4-InstaGrid */ = {
			isa = PBXGroup;
			children = (
				B8CFAF872A18E1B900C92CC1 /* Model */,
				B8CFAF852A18E19900C92CC1 /* View */,
				B8CFAF862A18E1A600C92CC1 /* Controller */,
				B8CFAF882A18E1CB00C92CC1 /* Supporting files */,
				B8CFAF532A18DD7400C92CC1 /* SceneDelegate.swift */,
				B8CFAF512A18DD7400C92CC1 /* AppDelegate.swift */,
				B8CFAF832A18E0C900C92CC1 /* ThirstySoftRegular.otf */,
				B8CFAF812A18DFFC00C92CC1 /* Delm-Medium.otf */,
				B8CFAF5F2A18DD7600C92CC1 /* Info.plist */,
			);
			path = "P4-InstaGrid";
			sourceTree = "<group>";
		};
		B8CFAF672A18DD7600C92CC1 /* P4-InstaGridTests */ = {
			isa = PBXGroup;
			children = (
				B8CFAF682A18DD7600C92CC1 /* P4_InstaGridTests.swift */,
			);
			path = "P4-InstaGridTests";
			sourceTree = "<group>";
		};
		B8CFAF712A18DD7600C92CC1 /* P4-InstaGridUITests */ = {
			isa = PBXGroup;
			children = (
				B8CFAF722A18DD7600C92CC1 /* P4_InstaGridUITests.swift */,
				B8CFAF742A18DD7600C92CC1 /* P4_InstaGridUITestsLaunchTests.swift */,
			);
			path = "P4-InstaGridUITests";
			sourceTree = "<group>";
		};
		B8CFAF852A18E19900C92CC1 /* View */ = {
			isa = PBXGroup;
			children = (
				B8CFAF572A18DD7400C92CC1 /* Main.storyboard */,
			);
			path = View;
			sourceTree = "<group>";
		};
		B8CFAF862A18E1A600C92CC1 /* Controller */ = {
			isa = PBXGroup;
			children = (
				B8CFAF552A18DD7400C92CC1 /* ViewController.swift */,
			);
			path = Controller;
			sourceTree = "<group>";
		};
		B8CFAF872A18E1B900C92CC1 /* Model */ = {
			isa = PBXGroup;
			children = (
			);
			path = Model;
			sourceTree = "<group>";
		};
		B8CFAF882A18E1CB00C92CC1 /* Supporting files */ = {
			isa = PBXGroup;
			children = (
				B8CFAF5C2A18DD7600C92CC1 /* LaunchScreen.storyboard */,
				B8CFAF5A2A18DD7600C92CC1 /* Assets.xcassets */,
			);
			path = "Supporting files";
			sourceTree = "<group>";
		};
/* End PBXGroup section */

/* Begin PBXNativeTarget section */
		B8CFAF4D2A18DD7400C92CC1 /* P4-InstaGrid */ = {
			isa = PBXNativeTarget;
			buildConfigurationList = B8CFAF782A18DD7600C92CC1 /* Build configuration list for PBXNativeTarget "P4-InstaGrid" */;
			buildPhases = (
				B8CFAF4A2A18DD7400C92CC1 /* Sources */,
				B8CFAF4B2A18DD7400C92CC1 /* Frameworks */,
				B8CFAF4C2A18DD7400C92CC1 /* Resources */,
			);
			buildRules = (
			);
			dependencies = (
			);
			name = "P4-InstaGrid";
			productName = "P4-InstaGrid";
			productReference = B8CFAF4E2A18DD7400C92CC1 /* P4-InstaGrid.app */;
			productType = "com.apple.product-type.application";
		};
		B8CFAF632A18DD7600C92CC1 /* P4-InstaGridTests */ = {
			isa = PBXNativeTarget;
			buildConfigurationList = B8CFAF7B2A18DD7600C92CC1 /* Build configuration list for PBXNativeTarget "P4-InstaGridTests" */;
			buildPhases = (
				B8CFAF602A18DD7600C92CC1 /* Sources */,
				B8CFAF612A18DD7600C92CC1 /* Frameworks */,
				B8CFAF622A18DD7600C92CC1 /* Resources */,
			);
			buildRules = (
			);
			dependencies = (
				B8CFAF662A18DD7600C92CC1 /* PBXTargetDependency */,
			);
			name = "P4-InstaGridTests";
			productName = "P4-InstaGridTests";
			productReference = B8CFAF642A18DD7600C92CC1 /* P4-InstaGridTests.xctest */;
			productType = "com.apple.product-type.bundle.unit-test";
		};
		B8CFAF6D2A18DD7600C92CC1 /* P4-InstaGridUITests */ = {
			isa = PBXNativeTarget;
			buildConfigurationList = B8CFAF7E2A18DD7600C92CC1 /* Build configuration list for PBXNativeTarget "P4-InstaGridUITests" */;
			buildPhases = (
				B8CFAF6A2A18DD7600C92CC1 /* Sources */,
				B8CFAF6B2A18DD7600C92CC1 /* Frameworks */,
				B8CFAF6C2A18DD7600C92CC1 /* Resources */,
			);
			buildRules = (
			);
			dependencies = (
				B8CFAF702A18DD7600C92CC1 /* PBXTargetDependency */,
			);
			name = "P4-InstaGridUITests";
			productName = "P4-InstaGridUITests";
			productReference = B8CFAF6E2A18DD7600C92CC1 /* P4-InstaGridUITests.xctest */;
			productType = "com.apple.product-type.bundle.ui-testing";
		};
/* End PBXNativeTarget section */

/* Begin PBXProject section */
		B8CFAF462A18DD7400C92CC1 /* Project object */ = {
			isa = PBXProject;
			attributes = {
				BuildIndependentTargetsInParallel = 1;
				LastSwiftUpdateCheck = 1420;
				LastUpgradeCheck = 1420;
				TargetAttributes = {
					B8CFAF4D2A18DD7400C92CC1 = {
						CreatedOnToolsVersion = 14.2;
					};
					B8CFAF632A18DD7600C92CC1 = {
						CreatedOnToolsVersion = 14.2;
						TestTargetID = B8CFAF4D2A18DD7400C92CC1;
					};
					B8CFAF6D2A18DD7600C92CC1 = {
						CreatedOnToolsVersion = 14.2;
						TestTargetID = B8CFAF4D2A18DD7400C92CC1;
					};
				};
			};
			buildConfigurationList = B8CFAF492A18DD7400C92CC1 /* Build configuration list for PBXProject "P4-InstaGrid" */;
			compatibilityVersion = "Xcode 14.0";
			developmentRegion = en;
			hasScannedForEncodings = 0;
			knownRegions = (
				en,
				Base,
			);
			mainGroup = B8CFAF452A18DD7400C92CC1;
			productRefGroup = B8CFAF4F2A18DD7400C92CC1 /* Products */;
			projectDirPath = "";
			projectRoot = "";
			targets = (
				B8CFAF4D2A18DD7400C92CC1 /* P4-InstaGrid */,
				B8CFAF632A18DD7600C92CC1 /* P4-InstaGridTests */,
				B8CFAF6D2A18DD7600C92CC1 /* P4-InstaGridUITests */,
			);
		};
/* End PBXProject section */

/* Begin PBXResourcesBuildPhase section */
		B8CFAF4C2A18DD7400C92CC1 /* Resources */ = {
			isa = PBXResourcesBuildPhase;
			buildActionMask = 2147483647;
			files = (
				B8CFAF5E2A18DD7600C92CC1 /* LaunchScreen.storyboard in Resources */,
				B8CFAF5B2A18DD7600C92CC1 /* Assets.xcassets in Resources */,
				B8CFAF842A18E0C900C92CC1 /* ThirstySoftRegular.otf in Resources */,
				B8CFAF822A18DFFC00C92CC1 /* Delm-Medium.otf in Resources */,
				B8CFAF592A18DD7400C92CC1 /* Main.storyboard in Resources */,
			);
			runOnlyForDeploymentPostprocessing = 0;
		};
		B8CFAF622A18DD7600C92CC1 /* Resources */ = {
			isa = PBXResourcesBuildPhase;
			buildActionMask = 2147483647;
			files = (
			);
			runOnlyForDeploymentPostprocessing = 0;
		};
		B8CFAF6C2A18DD7600C92CC1 /* Resources */ = {
			isa = PBXResourcesBuildPhase;
			buildActionMask = 2147483647;
			files = (
			);
			runOnlyForDeploymentPostprocessing = 0;
		};
/* End PBXResourcesBuildPhase section */

/* Begin PBXSourcesBuildPhase section */
		B8CFAF4A2A18DD7400C92CC1 /* Sources */ = {
			isa = PBXSourcesBuildPhase;
			buildActionMask = 2147483647;
			files = (
				B8CFAF562A18DD7400C92CC1 /* ViewController.swift in Sources */,
				B8CFAF522A18DD7400C92CC1 /* AppDelegate.swift in Sources */,
				B8CFAF542A18DD7400C92CC1 /* SceneDelegate.swift in Sources */,
			);
			runOnlyForDeploymentPostprocessing = 0;
		};
		B8CFAF602A18DD7600C92CC1 /* Sources */ = {
			isa = PBXSourcesBuildPhase;
			buildActionMask = 2147483647;
			files = (
				B8CFAF692A18DD7600C92CC1 /* P4_InstaGridTests.swift in Sources */,
			);
			runOnlyForDeploymentPostprocessing = 0;
		};
		B8CFAF6A2A18DD7600C92CC1 /* Sources */ = {
			isa = PBXSourcesBuildPhase;
			buildActionMask = 2147483647;
			files = (
				B8CFAF752A18DD7600C92CC1 /* P4_InstaGridUITestsLaunchTests.swift in Sources */,
				B8CFAF732A18DD7600C92CC1 /* P4_InstaGridUITests.swift in Sources */,
			);
			runOnlyForDeploymentPostprocessing = 0;
		};
/* End PBXSourcesBuildPhase section */

/* Begin PBXTargetDependency section */
		B8CFAF662A18DD7600C92CC1 /* PBXTargetDependency */ = {
			isa = PBXTargetDependency;
			target = B8CFAF4D2A18DD7400C92CC1 /* P4-InstaGrid */;
			targetProxy = B8CFAF652A18DD7600C92CC1 /* PBXContainerItemProxy */;
		};
		B8CFAF702A18DD7600C92CC1 /* PBXTargetDependency */ = {
			isa = PBXTargetDependency;
			target = B8CFAF4D2A18DD7400C92CC1 /* P4-InstaGrid */;
			targetProxy = B8CFAF6F2A18DD7600C92CC1 /* PBXContainerItemProxy */;
		};
/* End PBXTargetDependency section */

/* Begin PBXVariantGroup section */
		B8CFAF572A18DD7400C92CC1 /* Main.storyboard */ = {
			isa = PBXVariantGroup;
			children = (
				B8CFAF582A18DD7400C92CC1 /* Base */,
			);
			name = Main.storyboard;
			sourceTree = "<group>";
		};
		B8CFAF5C2A18DD7600C92CC1 /* LaunchScreen.storyboard */ = {
			isa = PBXVariantGroup;
			children = (
				B8CFAF5D2A18DD7600C92CC1 /* Base */,
			);
			name = LaunchScreen.storyboard;
			sourceTree = "<group>";
		};
/* End PBXVariantGroup section */

/* Begin XCBuildConfiguration section */
		B8CFAF762A18DD7600C92CC1 /* Debug */ = {
			isa = XCBuildConfiguration;
			buildSettings = {
				ALWAYS_SEARCH_USER_PATHS = NO;
				CLANG_ANALYZER_NONNULL = YES;
				CLANG_ANALYZER_NUMBER_OBJECT_CONVERSION = YES_AGGRESSIVE;
				CLANG_CXX_LANGUAGE_STANDARD = "gnu++20";
				CLANG_ENABLE_MODULES = YES;
				CLANG_ENABLE_OBJC_ARC = YES;
				CLANG_ENABLE_OBJC_WEAK = YES;
				CLANG_WARN_BLOCK_CAPTURE_AUTORELEASING = YES;
				CLANG_WARN_BOOL_CONVERSION = YES;
				CLANG_WARN_COMMA = YES;
				CLANG_WARN_CONSTANT_CONVERSION = YES;
				CLANG_WARN_DEPRECATED_OBJC_IMPLEMENTATIONS = YES;
				CLANG_WARN_DIRECT_OBJC_ISA_USAGE = YES_ERROR;
				CLANG_WARN_DOCUMENTATION_COMMENTS = YES;
				CLANG_WARN_EMPTY_BODY = YES;
				CLANG_WARN_ENUM_CONVERSION = YES;
				CLANG_WARN_INFINITE_RECURSION = YES;
				CLANG_WARN_INT_CONVERSION = YES;
				CLANG_WARN_NON_LITERAL_NULL_CONVERSION = YES;
				CLANG_WARN_OBJC_IMPLICIT_RETAIN_SELF = YES;
				CLANG_WARN_OBJC_LITERAL_CONVERSION = YES;
				CLANG_WARN_OBJC_ROOT_CLASS = YES_ERROR;
				CLANG_WARN_QUOTED_INCLUDE_IN_FRAMEWORK_HEADER = YES;
				CLANG_WARN_RANGE_LOOP_ANALYSIS = YES;
				CLANG_WARN_STRICT_PROTOTYPES = YES;
				CLANG_WARN_SUSPICIOUS_MOVE = YES;
				CLANG_WARN_UNGUARDED_AVAILABILITY = YES_AGGRESSIVE;
				CLANG_WARN_UNREACHABLE_CODE = YES;
				CLANG_WARN__DUPLICATE_METHOD_MATCH = YES;
				COPY_PHASE_STRIP = NO;
				DEBUG_INFORMATION_FORMAT = dwarf;
				ENABLE_STRICT_OBJC_MSGSEND = YES;
				ENABLE_TESTABILITY = YES;
				GCC_C_LANGUAGE_STANDARD = gnu11;
				GCC_DYNAMIC_NO_PIC = NO;
				GCC_NO_COMMON_BLOCKS = YES;
				GCC_OPTIMIZATION_LEVEL = 0;
				GCC_PREPROCESSOR_DEFINITIONS = (
					"DEBUG=1",
					"$(inherited)",
				);
				GCC_WARN_64_TO_32_BIT_CONVERSION = YES;
				GCC_WARN_ABOUT_RETURN_TYPE = YES_ERROR;
				GCC_WARN_UNDECLARED_SELECTOR = YES;
				GCC_WARN_UNINITIALIZED_AUTOS = YES_AGGRESSIVE;
				GCC_WARN_UNUSED_FUNCTION = YES;
				GCC_WARN_UNUSED_VARIABLE = YES;
				IPHONEOS_DEPLOYMENT_TARGET = 16.2;
				MTL_ENABLE_DEBUG_INFO = INCLUDE_SOURCE;
				MTL_FAST_MATH = YES;
				ONLY_ACTIVE_ARCH = YES;
				SDKROOT = iphoneos;
				SWIFT_ACTIVE_COMPILATION_CONDITIONS = DEBUG;
				SWIFT_OPTIMIZATION_LEVEL = "-Onone";
			};
			name = Debug;
		};
		B8CFAF772A18DD7600C92CC1 /* Release */ = {
			isa = XCBuildConfiguration;
			buildSettings = {
				ALWAYS_SEARCH_USER_PATHS = NO;
				CLANG_ANALYZER_NONNULL = YES;
				CLANG_ANALYZER_NUMBER_OBJECT_CONVERSION = YES_AGGRESSIVE;
				CLANG_CXX_LANGUAGE_STANDARD = "gnu++20";
				CLANG_ENABLE_MODULES = YES;
				CLANG_ENABLE_OBJC_ARC = YES;
				CLANG_ENABLE_OBJC_WEAK = YES;
				CLANG_WARN_BLOCK_CAPTURE_AUTORELEASING = YES;
				CLANG_WARN_BOOL_CONVERSION = YES;
				CLANG_WARN_COMMA = YES;
				CLANG_WARN_CONSTANT_CONVERSION = YES;
				CLANG_WARN_DEPRECATED_OBJC_IMPLEMENTATIONS = YES;
				CLANG_WARN_DIRECT_OBJC_ISA_USAGE = YES_ERROR;
				CLANG_WARN_DOCUMENTATION_COMMENTS = YES;
				CLANG_WARN_EMPTY_BODY = YES;
				CLANG_WARN_ENUM_CONVERSION = YES;
				CLANG_WARN_INFINITE_RECURSION = YES;
				CLANG_WARN_INT_CONVERSION = YES;
				CLANG_WARN_NON_LITERAL_NULL_CONVERSION = YES;
				CLANG_WARN_OBJC_IMPLICIT_RETAIN_SELF = YES;
				CLANG_WARN_OBJC_LITERAL_CONVERSION = YES;
				CLANG_WARN_OBJC_ROOT_CLASS = YES_ERROR;
				CLANG_WARN_QUOTED_INCLUDE_IN_FRAMEWORK_HEADER = YES;
				CLANG_WARN_RANGE_LOOP_ANALYSIS = YES;
				CLANG_WARN_STRICT_PROTOTYPES = YES;
				CLANG_WARN_SUSPICIOUS_MOVE = YES;
				CLANG_WARN_UNGUARDED_AVAILABILITY = YES_AGGRESSIVE;
				CLANG_WARN_UNREACHABLE_CODE = YES;
				CLANG_WARN__DUPLICATE_METHOD_MATCH = YES;
				COPY_PHASE_STRIP = NO;
				DEBUG_INFORMATION_FORMAT = "dwarf-with-dsym";
				ENABLE_NS_ASSERTIONS = NO;
				ENABLE_STRICT_OBJC_MSGSEND = YES;
				GCC_C_LANGUAGE_STANDARD = gnu11;
				GCC_NO_COMMON_BLOCKS = YES;
				GCC_WARN_64_TO_32_BIT_CONVERSION = YES;
				GCC_WARN_ABOUT_RETURN_TYPE = YES_ERROR;
				GCC_WARN_UNDECLARED_SELECTOR = YES;
				GCC_WARN_UNINITIALIZED_AUTOS = YES_AGGRESSIVE;
				GCC_WARN_UNUSED_FUNCTION = YES;
				GCC_WARN_UNUSED_VARIABLE = YES;
				IPHONEOS_DEPLOYMENT_TARGET = 16.2;
				MTL_ENABLE_DEBUG_INFO = NO;
				MTL_FAST_MATH = YES;
				SDKROOT = iphoneos;
				SWIFT_COMPILATION_MODE = wholemodule;
				SWIFT_OPTIMIZATION_LEVEL = "-O";
				VALIDATE_PRODUCT = YES;
			};
			name = Release;
		};
		B8CFAF792A18DD7600C92CC1 /* Debug */ = {
			isa = XCBuildConfiguration;
			buildSettings = {
				ASSETCATALOG_COMPILER_APPICON_NAME = AppIcon;
				ASSETCATALOG_COMPILER_GLOBAL_ACCENT_COLOR_NAME = AccentColor;
				CODE_SIGN_STYLE = Automatic;
				CURRENT_PROJECT_VERSION = 1;
				DEVELOPMENT_TEAM = CJ4U3HXF7J;
				GENERATE_INFOPLIST_FILE = YES;
				INFOPLIST_FILE = "P4-InstaGrid/Info.plist";
				INFOPLIST_KEY_NSCameraUsageDescription = "This app uses the camera to capture photos.";
				INFOPLIST_KEY_NSPhotoLibraryUsageDescription = "This app uses library to import photos";
				INFOPLIST_KEY_UIApplicationSupportsIndirectInputEvents = YES;
				INFOPLIST_KEY_UILaunchStoryboardName = LaunchScreen.storyboard;
				INFOPLIST_KEY_UIMainStoryboardFile = Main;
				INFOPLIST_KEY_UISupportedInterfaceOrientations_iPad = "UIInterfaceOrientationPortrait UIInterfaceOrientationPortraitUpsideDown UIInterfaceOrientationLandscapeLeft UIInterfaceOrientationLandscapeRight";
				INFOPLIST_KEY_UISupportedInterfaceOrientations_iPhone = "UIInterfaceOrientationPortrait UIInterfaceOrientationLandscapeLeft UIInterfaceOrientationLandscapeRight";
				LD_RUNPATH_SEARCH_PATHS = (
					"$(inherited)",
					"@executable_path/Frameworks",
				);
				MARKETING_VERSION = 1.0;
				PRODUCT_BUNDLE_IDENTIFIER = "fr.RedouaneAmour.P4-InstaGrid";
				PRODUCT_NAME = "$(TARGET_NAME)";
				SWIFT_EMIT_LOC_STRINGS = YES;
				SWIFT_VERSION = 5.0;
				TARGETED_DEVICE_FAMILY = "1,2";
			};
			name = Debug;
		};
		B8CFAF7A2A18DD7600C92CC1 /* Release */ = {
			isa = XCBuildConfiguration;
			buildSettings = {
				ASSETCATALOG_COMPILER_APPICON_NAME = AppIcon;
				ASSETCATALOG_COMPILER_GLOBAL_ACCENT_COLOR_NAME = AccentColor;
				CODE_SIGN_STYLE = Automatic;
				CURRENT_PROJECT_VERSION = 1;
				DEVELOPMENT_TEAM = CJ4U3HXF7J;
				GENERATE_INFOPLIST_FILE = YES;
				INFOPLIST_FILE = "P4-InstaGrid/Info.plist";
				INFOPLIST_KEY_NSCameraUsageDescription = "This app uses the camera to capture photos.";
				INFOPLIST_KEY_NSPhotoLibraryUsageDescription = "This app uses library to import photos";
				INFOPLIST_KEY_UIApplicationSupportsIndirectInputEvents = YES;
				INFOPLIST_KEY_UILaunchStoryboardName = LaunchScreen.storyboard;
				INFOPLIST_KEY_UIMainStoryboardFile = Main;
				INFOPLIST_KEY_UISupportedInterfaceOrientations_iPad = "UIInterfaceOrientationPortrait UIInterfaceOrientationPortraitUpsideDown UIInterfaceOrientationLandscapeLeft UIInterfaceOrientationLandscapeRight";
				INFOPLIST_KEY_UISupportedInterfaceOrientations_iPhone = "UIInterfaceOrientationPortrait UIInterfaceOrientationLandscapeLeft UIInterfaceOrientationLandscapeRight";
				LD_RUNPATH_SEARCH_PATHS = (
					"$(inherited)",
					"@executable_path/Frameworks",
				);
				MARKETING_VERSION = 1.0;
				PRODUCT_BUNDLE_IDENTIFIER = "fr.RedouaneAmour.P4-InstaGrid";
				PRODUCT_NAME = "$(TARGET_NAME)";
				SWIFT_EMIT_LOC_STRINGS = YES;
				SWIFT_VERSION = 5.0;
				TARGETED_DEVICE_FAMILY = "1,2";
			};
			name = Release;
		};
		B8CFAF7C2A18DD7600C92CC1 /* Debug */ = {
			isa = XCBuildConfiguration;
			buildSettings = {
				ALWAYS_EMBED_SWIFT_STANDARD_LIBRARIES = YES;
				BUNDLE_LOADER = "$(TEST_HOST)";
				CODE_SIGN_STYLE = Automatic;
				CURRENT_PROJECT_VERSION = 1;
				DEVELOPMENT_TEAM = CJ4U3HXF7J;
				GENERATE_INFOPLIST_FILE = YES;
				IPHONEOS_DEPLOYMENT_TARGET = 16.2;
				MARKETING_VERSION = 1.0;
				PRODUCT_BUNDLE_IDENTIFIER = "fr.RedouaneAmour.P4-InstaGridTests";
				PRODUCT_NAME = "$(TARGET_NAME)";
				SWIFT_EMIT_LOC_STRINGS = NO;
				SWIFT_VERSION = 5.0;
				TARGETED_DEVICE_FAMILY = "1,2";
				TEST_HOST = "$(BUILT_PRODUCTS_DIR)/P4-InstaGrid.app/$(BUNDLE_EXECUTABLE_FOLDER_PATH)/P4-InstaGrid";
			};
			name = Debug;
		};
		B8CFAF7D2A18DD7600C92CC1 /* Release */ = {
			isa = XCBuildConfiguration;
			buildSettings = {
				ALWAYS_EMBED_SWIFT_STANDARD_LIBRARIES = YES;
				BUNDLE_LOADER = "$(TEST_HOST)";
				CODE_SIGN_STYLE = Automatic;
				CURRENT_PROJECT_VERSION = 1;
				DEVELOPMENT_TEAM = CJ4U3HXF7J;
				GENERATE_INFOPLIST_FILE = YES;
				IPHONEOS_DEPLOYMENT_TARGET = 16.2;
				MARKETING_VERSION = 1.0;
				PRODUCT_BUNDLE_IDENTIFIER = "fr.RedouaneAmour.P4-InstaGridTests";
				PRODUCT_NAME = "$(TARGET_NAME)";
				SWIFT_EMIT_LOC_STRINGS = NO;
				SWIFT_VERSION = 5.0;
				TARGETED_DEVICE_FAMILY = "1,2";
				TEST_HOST = "$(BUILT_PRODUCTS_DIR)/P4-InstaGrid.app/$(BUNDLE_EXECUTABLE_FOLDER_PATH)/P4-InstaGrid";
			};
			name = Release;
		};
		B8CFAF7F2A18DD7600C92CC1 /* Debug */ = {
			isa = XCBuildConfiguration;
			buildSettings = {
				ALWAYS_EMBED_SWIFT_STANDARD_LIBRARIES = YES;
				CODE_SIGN_STYLE = Automatic;
				CURRENT_PROJECT_VERSION = 1;
				DEVELOPMENT_TEAM = CJ4U3HXF7J;
				GENERATE_INFOPLIST_FILE = YES;
				MARKETING_VERSION = 1.0;
				PRODUCT_BUNDLE_IDENTIFIER = "fr.RedouaneAmour.P4-InstaGridUITests";
				PRODUCT_NAME = "$(TARGET_NAME)";
				SWIFT_EMIT_LOC_STRINGS = NO;
				SWIFT_VERSION = 5.0;
				TARGETED_DEVICE_FAMILY = "1,2";
				TEST_TARGET_NAME = "P4-InstaGrid";
			};
			name = Debug;
		};
		B8CFAF802A18DD7600C92CC1 /* Release */ = {
			isa = XCBuildConfiguration;
			buildSettings = {
				ALWAYS_EMBED_SWIFT_STANDARD_LIBRARIES = YES;
				CODE_SIGN_STYLE = Automatic;
				CURRENT_PROJECT_VERSION = 1;
				DEVELOPMENT_TEAM = CJ4U3HXF7J;
				GENERATE_INFOPLIST_FILE = YES;
				MARKETING_VERSION = 1.0;
				PRODUCT_BUNDLE_IDENTIFIER = "fr.RedouaneAmour.P4-InstaGridUITests";
				PRODUCT_NAME = "$(TARGET_NAME)";
				SWIFT_EMIT_LOC_STRINGS = NO;
				SWIFT_VERSION = 5.0;
				TARGETED_DEVICE_FAMILY = "1,2";
				TEST_TARGET_NAME = "P4-InstaGrid";
			};
			name = Release;
		};
/* End XCBuildConfiguration section */

/* Begin XCConfigurationList section */
		B8CFAF492A18DD7400C92CC1 /* Build configuration list for PBXProject "P4-InstaGrid" */ = {
			isa = XCConfigurationList;
			buildConfigurations = (
				B8CFAF762A18DD7600C92CC1 /* Debug */,
				B8CFAF772A18DD7600C92CC1 /* Release */,
			);
			defaultConfigurationIsVisible = 0;
			defaultConfigurationName = Release;
		};
		B8CFAF782A18DD7600C92CC1 /* Build configuration list for PBXNativeTarget "P4-InstaGrid" */ = {
			isa = XCConfigurationList;
			buildConfigurations = (
				B8CFAF792A18DD7600C92CC1 /* Debug */,
				B8CFAF7A2A18DD7600C92CC1 /* Release */,
			);
			defaultConfigurationIsVisible = 0;
			defaultConfigurationName = Release;
		};
		B8CFAF7B2A18DD7600C92CC1 /* Build configuration list for PBXNativeTarget "P4-InstaGridTests" */ = {
			isa = XCConfigurationList;
			buildConfigurations = (
				B8CFAF7C2A18DD7600C92CC1 /* Debug */,
				B8CFAF7D2A18DD7600C92CC1 /* Release */,
			);
			defaultConfigurationIsVisible = 0;
			defaultConfigurationName = Release;
		};
		B8CFAF7E2A18DD7600C92CC1 /* Build configuration list for PBXNativeTarget "P4-InstaGridUITests" */ = {
			isa = XCConfigurationList;
			buildConfigurations = (
				B8CFAF7F2A18DD7600C92CC1 /* Debug */,
				B8CFAF802A18DD7600C92CC1 /* Release */,
			);
			defaultConfigurationIsVisible = 0;
			defaultConfigurationName = Release;
		};
/* End XCConfigurationList section */
	};
	rootObject = B8CFAF462A18DD7400C92CC1 /* Project object */;
}
